
Microsoft Visual Studio Solution File, Format Version 12.00
# Visual Studio Version 17
VisualStudioVersion = 17.6.33829.357
MinimumVisualStudioVersion = 10.0.40219.1
Project("{FAE04EC0-301F-11D3-BF4B-00C04F79EFBC}") = "prjRevenuQuebec", "prjRevenuQuebec\prjRevenuQuebec.csproj", "{90D90D42-85E0-4F1B-8CD4-144AFFA004B1}"
EndProject
Global
	GlobalSection(SolutionConfigurationPlatforms) = preSolution
		Debug|Any CPU = Debug|Any CPU
		Release|Any CPU = Release|Any CPU
	EndGlobalSection
	GlobalSection(ProjectConfigurationPlatforms) = postSolution
		{90D90D42-85E0-4F1B-8CD4-144AFFA004B1}.Debug|Any CPU.ActiveCfg = Debug|Any CPU
		{90D90D42-85E0-4F1B-8CD4-144AFFA004B1}.Debug|Any CPU.Build.0 = Debug|Any CPU
		{90D90D42-85E0-4F1B-8CD4-144AFFA004B1}.Release|Any CPU.ActiveCfg = Release|Any CPU
		{90D90D42-85E0-4F1B-8CD4-144AFFA004B1}.Release|Any CPU.Build.0 = Release|Any CPU
	EndGlobalSection
	GlobalSection(SolutionProperties) = preSolution
		HideSolutionNode = FALSE
	EndGlobalSection
	GlobalSection(ExtensibilityGlobals) = postSolution
		SolutionGuid = {FBE242F0-DA11-44F2-AFE1-8CE9117ADEEE}
	EndGlobalSection
EndGlobal
